
Microsoft Visual Studio Solution File, Format Version 12.00
# Visual Studio Version 17
VisualStudioVersion = 17.4.33110.190
MinimumVisualStudioVersion = 10.0.40219.1
Project("{FAE04EC0-301F-11D3-BF4B-00C04F79EFBC}") = "EcommerceAPI.Domain", "EcommerceAPI.Domain\EcommerceAPI.Domain.csproj", "{BED298E3-8DE2-48EB-8AE3-3078E2AD3184}"
EndProject
Project("{FAE04EC0-301F-11D3-BF4B-00C04F79EFBC}") = "EcommerceAPI.Infra.Data", "EcommerceAPI.Infra.Data\EcommerceAPI.Infra.Data.csproj", "{F7D4C357-1ACF-4C8E-AB1C-6F7ECBAC18F0}"
EndProject
Project("{FAE04EC0-301F-11D3-BF4B-00C04F79EFBC}") = "EcommerceAPI.Application", "EcommerceAPI.Application\EcommerceAPI.Application.csproj", "{B3BAE41A-2626-4FA9-8657-21A29DDA5EEE}"
EndProject
Project("{FAE04EC0-301F-11D3-BF4B-00C04F79EFBC}") = "EcommerceAPI.Infra.IoC", "EcommerceAPI.Infra.IoC\EcommerceAPI.Infra.IoC.csproj", "{00610BA7-B924-4A9E-BB2C-B2546D8A8173}"
EndProject
Project("{FAE04EC0-301F-11D3-BF4B-00C04F79EFBC}") = "EcommerceAPI.API", "EcommerceAPI.API\EcommerceAPI.API.csproj", "{A1B26401-2512-43A6-A0EC-5CBD9C1FB5D4}"
EndProject
Global
	GlobalSection(SolutionConfigurationPlatforms) = preSolution
		Debug|Any CPU = Debug|Any CPU
		Release|Any CPU = Release|Any CPU
	EndGlobalSection
	GlobalSection(ProjectConfigurationPlatforms) = postSolution
		{BED298E3-8DE2-48EB-8AE3-3078E2AD3184}.Debug|Any CPU.ActiveCfg = Debug|Any CPU
		{BED298E3-8DE2-48EB-8AE3-3078E2AD3184}.Debug|Any CPU.Build.0 = Debug|Any CPU
		{BED298E3-8DE2-48EB-8AE3-3078E2AD3184}.Release|Any CPU.ActiveCfg = Release|Any CPU
		{BED298E3-8DE2-48EB-8AE3-3078E2AD3184}.Release|Any CPU.Build.0 = Release|Any CPU
		{F7D4C357-1ACF-4C8E-AB1C-6F7ECBAC18F0}.Debug|Any CPU.ActiveCfg = Debug|Any CPU
		{F7D4C357-1ACF-4C8E-AB1C-6F7ECBAC18F0}.Debug|Any CPU.Build.0 = Debug|Any CPU
		{F7D4C357-1ACF-4C8E-AB1C-6F7ECBAC18F0}.Release|Any CPU.ActiveCfg = Release|Any CPU
		{F7D4C357-1ACF-4C8E-AB1C-6F7ECBAC18F0}.Release|Any CPU.Build.0 = Release|Any CPU
		{B3BAE41A-2626-4FA9-8657-21A29DDA5EEE}.Debug|Any CPU.ActiveCfg = Debug|Any CPU
		{B3BAE41A-2626-4FA9-8657-21A29DDA5EEE}.Debug|Any CPU.Build.0 = Debug|Any CPU
		{B3BAE41A-2626-4FA9-8657-21A29DDA5EEE}.Release|Any CPU.ActiveCfg = Release|Any CPU
		{B3BAE41A-2626-4FA9-8657-21A29DDA5EEE}.Release|Any CPU.Build.0 = Release|Any CPU
		{00610BA7-B924-4A9E-BB2C-B2546D8A8173}.Debug|Any CPU.ActiveCfg = Debug|Any CPU
		{00610BA7-B924-4A9E-BB2C-B2546D8A8173}.Debug|Any CPU.Build.0 = Debug|Any CPU
		{00610BA7-B924-4A9E-BB2C-B2546D8A8173}.Release|Any CPU.ActiveCfg = Release|Any CPU
		{00610BA7-B924-4A9E-BB2C-B2546D8A8173}.Release|Any CPU.Build.0 = Release|Any CPU
		{A1B26401-2512-43A6-A0EC-5CBD9C1FB5D4}.Debug|Any CPU.ActiveCfg = Debug|Any CPU
		{A1B26401-2512-43A6-A0EC-5CBD9C1FB5D4}.Debug|Any CPU.Build.0 = Debug|Any CPU
		{A1B26401-2512-43A6-A0EC-5CBD9C1FB5D4}.Release|Any CPU.ActiveCfg = Release|Any CPU
		{A1B26401-2512-43A6-A0EC-5CBD9C1FB5D4}.Release|Any CPU.Build.0 = Release|Any CPU
	EndGlobalSection
	GlobalSection(SolutionProperties) = preSolution
		HideSolutionNode = FALSE
	EndGlobalSection
	GlobalSection(ExtensibilityGlobals) = postSolution
		SolutionGuid = {9CB80E68-F9F0-4839-97CA-7602C7F2B28B}
	EndGlobalSection
EndGlobal
